{
  "requires": true,
  "lockfileVersion": 1,
  "dependencies": {
    "lodash": {
      "version": "4.17.20",
      "resolved": "https://registry.npmjs.org/lodash/-/lodash-4.17.20.tgz",
      "integrity": "sha512-PlhdFcillOINfeV7Ni6oF1TAEayyZBoZ8bcshTHqOYJYlrqzRK5hagpagky5o4HfCzzd1TRkXPMFq6cKk9rGmA=="
    },
    "mikov": {
      "version": "0.9.1",
      "resolved": "https://registry.npmjs.org/mikov/-/mikov-0.9.1.tgz",
      "integrity": "sha512-6v0FU5hI++rJ62yK+DEhlZsV1mDCiw7zCBp+oSy3EfYWMz+Fr1ylsvHXKnRy+5YT3Ken0baKIT/jf408wypx+w==",
      "requires": {
        "lodash": "^4.17.15"
      }
    }
  }
}
